
Microsoft Visual Studio Solution File, Format Version 12.00
# Visual Studio Version 16
VisualStudioVersion = 16.0.30523.141
MinimumVisualStudioVersion = 10.0.40219.1
Project("{FAE04EC0-301F-11D3-BF4B-00C04F79EFBC}") = "homework1", "homework1\homework1.csproj", "{AAFA9F55-7A54-4FA3-964B-6AEF37B61F0E}"
EndProject
Global
	GlobalSection(SolutionConfigurationPlatforms) = preSolution
		Debug|Any CPU = Debug|Any CPU
		Release|Any CPU = Release|Any CPU
	EndGlobalSection
	GlobalSection(ProjectConfigurationPlatforms) = postSolution
		{AAFA9F55-7A54-4FA3-964B-6AEF37B61F0E}.Debug|Any CPU.ActiveCfg = Debug|Any CPU
		{AAFA9F55-7A54-4FA3-964B-6AEF37B61F0E}.Debug|Any CPU.Build.0 = Debug|Any CPU
		{AAFA9F55-7A54-4FA3-964B-6AEF37B61F0E}.Release|Any CPU.ActiveCfg = Release|Any CPU
		{AAFA9F55-7A54-4FA3-964B-6AEF37B61F0E}.Release|Any CPU.Build.0 = Release|Any CPU
	EndGlobalSection
	GlobalSection(SolutionProperties) = preSolution
		HideSolutionNode = FALSE
	EndGlobalSection
	GlobalSection(ExtensibilityGlobals) = postSolution
		SolutionGuid = {3BD7B863-616E-450D-BFC6-D0D492EFBF41}
	EndGlobalSection
EndGlobal
